
Microsoft Visual Studio Solution File, Format Version 12.00
# Visual Studio 15
Project("{2150E333-8FDC-42A3-9474-1A3956D46DE8}") = "Solution Items", "Solution Items", "{E94B6C48-0D8E-4343-B0BD-7F9AE6626FB8}"
	ProjectSection(SolutionItems) = preProject
		.editorconfig = .editorconfig
	EndProjectSection
EndProject
Project("{FAE04EC0-301F-11D3-BF4B-00C04F79EFBC}") = "Mono.Linker.Optimizer", "Mono.Linker.Optimizer.csproj", "{7595733A-3875-4A89-AF46-84222C91EE49}"
EndProject
Project("{FAE04EC0-301F-11D3-BF4B-00C04F79EFBC}") = "Mono.Linker", "external\linker\src\linker\Mono.Linker.csproj", "{DD28E2B1-057B-4B4D-A04D-B2EBD9E76E46}"
EndProject
Project("{FAE04EC0-301F-11D3-BF4B-00C04F79EFBC}") = "Mono.Cecil.Pdb", "external\linker\external\cecil\symbols\pdb\Mono.Cecil.Pdb.csproj", "{7FF5058E-A99B-44C8-849D-9AC6D2A5FAA0}"
EndProject
Project("{FAE04EC0-301F-11D3-BF4B-00C04F79EFBC}") = "Mono.Cecil.Mdb", "external\linker\external\cecil\symbols\mdb\Mono.Cecil.Mdb.csproj", "{43323F47-3EF7-4EE6-853B-86E29C0E16EA}"
EndProject
Project("{FAE04EC0-301F-11D3-BF4B-00C04F79EFBC}") = "Mono.Cecil", "external\linker\external\cecil\Mono.Cecil.csproj", "{0CB96307-8954-4FCB-8E80-6C4688317AB3}"
EndProject
Project("{FAE04EC0-301F-11D3-BF4B-00C04F79EFBC}") = "ILLink.Tasks", "external\linker\src\ILLink.Tasks\ILLink.Tasks.csproj", "{A5A29CCA-8E8D-4DC9-A26C-14F82D640D23}"
EndProject
Global
	GlobalSection(SolutionConfigurationPlatforms) = preSolution
		Debug|Any CPU = Debug|Any CPU
		Release|Any CPU = Release|Any CPU
	EndGlobalSection
	GlobalSection(ProjectConfigurationPlatforms) = postSolution
		{7595733A-3875-4A89-AF46-84222C91EE49}.Debug|Any CPU.ActiveCfg = Debug|Any CPU
		{7595733A-3875-4A89-AF46-84222C91EE49}.Debug|Any CPU.Build.0 = Debug|Any CPU
		{7595733A-3875-4A89-AF46-84222C91EE49}.Release|Any CPU.ActiveCfg = Release|Any CPU
		{7595733A-3875-4A89-AF46-84222C91EE49}.Release|Any CPU.Build.0 = Release|Any CPU
		{7FF5058E-A99B-44C8-849D-9AC6D2A5FAA0}.Debug|Any CPU.ActiveCfg = Debug|Any CPU
		{7FF5058E-A99B-44C8-849D-9AC6D2A5FAA0}.Debug|Any CPU.Build.0 = Debug|Any CPU
		{7FF5058E-A99B-44C8-849D-9AC6D2A5FAA0}.Release|Any CPU.ActiveCfg = Release|Any CPU
		{7FF5058E-A99B-44C8-849D-9AC6D2A5FAA0}.Release|Any CPU.Build.0 = Release|Any CPU
		{43323F47-3EF7-4EE6-853B-86E29C0E16EA}.Debug|Any CPU.ActiveCfg = Debug|Any CPU
		{43323F47-3EF7-4EE6-853B-86E29C0E16EA}.Debug|Any CPU.Build.0 = Debug|Any CPU
		{43323F47-3EF7-4EE6-853B-86E29C0E16EA}.Release|Any CPU.ActiveCfg = Release|Any CPU
		{43323F47-3EF7-4EE6-853B-86E29C0E16EA}.Release|Any CPU.Build.0 = Release|Any CPU
		{0CB96307-8954-4FCB-8E80-6C4688317AB3}.Debug|Any CPU.ActiveCfg = Debug|Any CPU
		{0CB96307-8954-4FCB-8E80-6C4688317AB3}.Debug|Any CPU.Build.0 = Debug|Any CPU
		{0CB96307-8954-4FCB-8E80-6C4688317AB3}.Release|Any CPU.ActiveCfg = Release|Any CPU
		{0CB96307-8954-4FCB-8E80-6C4688317AB3}.Release|Any CPU.Build.0 = Release|Any CPU
		{DD28E2B1-057B-4B4D-A04D-B2EBD9E76E46}.Debug|Any CPU.ActiveCfg = Debug|Any CPU
		{DD28E2B1-057B-4B4D-A04D-B2EBD9E76E46}.Debug|Any CPU.Build.0 = Debug|Any CPU
		{DD28E2B1-057B-4B4D-A04D-B2EBD9E76E46}.Release|Any CPU.ActiveCfg = Release|Any CPU
		{DD28E2B1-057B-4B4D-A04D-B2EBD9E76E46}.Release|Any CPU.Build.0 = Release|Any CPU
		{A5A29CCA-8E8D-4DC9-A26C-14F82D640D23}.Debug|Any CPU.ActiveCfg = Debug|Any CPU
		{A5A29CCA-8E8D-4DC9-A26C-14F82D640D23}.Debug|Any CPU.Build.0 = Debug|Any CPU
		{A5A29CCA-8E8D-4DC9-A26C-14F82D640D23}.Release|Any CPU.ActiveCfg = Release|Any CPU
		{A5A29CCA-8E8D-4DC9-A26C-14F82D640D23}.Release|Any CPU.Build.0 = Release|Any CPU
		{A151BBC8-12E6-4B2D-95F6-85E402B2BB43}.Debug|Any CPU.ActiveCfg = Debug|Any CPU
		{A151BBC8-12E6-4B2D-95F6-85E402B2BB43}.Debug|Any CPU.Build.0 = Debug|Any CPU
		{A151BBC8-12E6-4B2D-95F6-85E402B2BB43}.Release|Any CPU.ActiveCfg = Release|Any CPU
		{A151BBC8-12E6-4B2D-95F6-85E402B2BB43}.Release|Any CPU.Build.0 = Release|Any CPU
	EndGlobalSection
EndGlobal
